PODS:
  - AFNetworking (3.2.1):
    - AFNetworking/NSURLSession (= 3.2.1)
    - AFNetworking/Reachability (= 3.2.1)
    - AFNetworking/Security (= 3.2.1)
    - AFNetworking/Serialization (= 3.2.1)
    - AFNetworking/UIKit (= 3.2.1)
  - AFNetworking/NSURLSession (3.2.1):
    - AFNetworking/Reachability
    - AFNetworking/Security
    - AFNetworking/Serialization
  - AFNetworking/Reachability (3.2.1)
  - AFNetworking/Security (3.2.1)
  - AFNetworking/Serialization (3.2.1)
  - AFNetworking/UIKit (3.2.1):
    - AFNetworking/NSURLSession
  - SAMKeychain (1.5.3)
  - SIUtils (0.1.19):
    - SIUtils/All (= 0.1.19)
  - SIUtils/All (0.1.19):
    - AFNetworking
    - SAMKeychain
    - YCEasyTool
    - YYKit
  - YCEasyTool (0.2.4):
    - YCEasyTool/Forever (= 0.2.4)
    - YCEasyTool/Polling (= 0.2.4)
    - YCEasyTool/Property (= 0.2.4)
    - YCEasyTool/Tools (= 0.2.4)
    - YCEasyTool/UI (= 0.2.4)
  - YCEasyTool/Forever (0.2.4):
    - YCEasyTool/Property
  - YCEasyTool/Polling (0.2.4)
  - YCEasyTool/Property (0.2.4)
  - YCEasyTool/Tools (0.2.4)
  - YCEasyTool/UI (0.2.4):
    - YCEasyTool/UI/CollectionView (= 0.2.4)
    - YCEasyTool/UI/Grid (= 0.2.4)
    - YCEasyTool/UI/PopMenu (= 0.2.4)
    - YCEasyTool/UI/Segment (= 0.2.4)
    - YCEasyTool/UI/TabBarController (= 0.2.4)
    - YCEasyTool/UI/TreeMenu (= 0.2.4)
  - YCEasyTool/UI/CollectionView (0.2.4)
  - YCEasyTool/UI/Grid (0.2.4):
    - YCEasyTool/Tools
    - YCEasyTool/UI/CollectionView
  - YCEasyTool/UI/PopMenu (0.2.4)
  - YCEasyTool/UI/Segment (0.2.4)
  - YCEasyTool/UI/TabBarController (0.2.4)
  - YCEasyTool/UI/TreeMenu (0.2.4)
  - YYKit (1.0.9):
    - YYKit/no-arc (= 1.0.9)
  - YYKit/no-arc (1.0.9)

DEPENDENCIES:
  - SIUtils (from `../`)

SPEC REPOS:
  https://github.com/CocoaPods/Specs.git:
    - AFNetworking
    - SAMKeychain
    - YCEasyTool
    - YYKit

EXTERNAL SOURCES:
  SIUtils:
    :path: "../"

SPEC CHECKSUMS:
  AFNetworking: b6f891fdfaed196b46c7a83cf209e09697b94057
  SAMKeychain: 483e1c9f32984d50ca961e26818a534283b4cd5c
  SIUtils: 1e682f93d7cca0262e0eba1ad083ccd793373b1f
  YCEasyTool: b2c63ded39fa586b129682abf03519c2849bd8b4
  YYKit: 7cda43304a8dc3696c449041e2cb3107b4e236e7

PODFILE CHECKSUM: ecce9059c0dede1b541f0d9474a4e2d8a4230f0e

COCOAPODS: 1.5.0
